{
  "name": "gridsome-plugin-simple-analytics",
  "version": "1.0.0",
  "lockfileVersion": 1,
  "requires": true,
  "dependencies": {
    "simple-analytics-vue": {
      "version": "1.0.5",
      "resolved": "https://registry.npmjs.org/simple-analytics-vue/-/simple-analytics-vue-1.0.5.tgz",
      "integrity": "sha512-Hw0mmpAZRkrx2p2m80MIQH1r7CNLe3+oAP8lj0j+F7/i6oGpgYcazeI/Fe7Amoz+a5x7TGxl1yCw5S+JVxX3lA==",
      "requires": {
        "vue": "^2.6.10"
      }
    },
    "vue": {
      "version": "2.6.10",
      "resolved": "https://registry.npmjs.org/vue/-/vue-2.6.10.tgz",
      "integrity": "sha512-ImThpeNU9HbdZL3utgMCq0oiMzAkt1mcgy3/E6zWC/G6AaQoeuFdsl9nDhTDU3X1R6FK7nsIUuRACVcjI+A2GQ=="
    }
  }
}
